
Microsoft Visual Studio Solution File, Format Version 12.00
# Visual Studio Version 16
VisualStudioVersion = 16.0.31729.503
MinimumVisualStudioVersion = 10.0.40219.1
Project("{FAE04EC0-301F-11D3-BF4B-00C04F79EFBC}") = "Repaso2Eva", "Repaso2Eva\Repaso2Eva.csproj", "{5619702C-AA4F-4C8F-82AA-61B7733DACBA}"
EndProject
Global
	GlobalSection(SolutionConfigurationPlatforms) = preSolution
		Debug|Any CPU = Debug|Any CPU
		Release|Any CPU = Release|Any CPU
	EndGlobalSection
	GlobalSection(ProjectConfigurationPlatforms) = postSolution
		{5619702C-AA4F-4C8F-82AA-61B7733DACBA}.Debug|Any CPU.ActiveCfg = Debug|Any CPU
		{5619702C-AA4F-4C8F-82AA-61B7733DACBA}.Debug|Any CPU.Build.0 = Debug|Any CPU
		{5619702C-AA4F-4C8F-82AA-61B7733DACBA}.Release|Any CPU.ActiveCfg = Release|Any CPU
		{5619702C-AA4F-4C8F-82AA-61B7733DACBA}.Release|Any CPU.Build.0 = Release|Any CPU
	EndGlobalSection
	GlobalSection(SolutionProperties) = preSolution
		HideSolutionNode = FALSE
	EndGlobalSection
	GlobalSection(ExtensibilityGlobals) = postSolution
		SolutionGuid = {06F118A6-A5C6-4B39-9AAC-BF0963BE2A38}
	EndGlobalSection
EndGlobal
